
Microsoft Visual Studio Solution File, Format Version 12.00
# Visual Studio Version 17
VisualStudioVersion = 17.5.33530.505
MinimumVisualStudioVersion = 10.0.40219.1
Project("{FAE04EC0-301F-11D3-BF4B-00C04F79EFBC}") = "Scrap mechanic ROM builder (BIN 2 ROM)", "Scrap mechanic ROM builder (BIN 2 ROM).csproj", "{DB54EF6D-C43B-40B0-922A-157837E9657E}"
EndProject
Global
	GlobalSection(SolutionConfigurationPlatforms) = preSolution
		Debug|Any CPU = Debug|Any CPU
		Release|Any CPU = Release|Any CPU
	EndGlobalSection
	GlobalSection(ProjectConfigurationPlatforms) = postSolution
		{DB54EF6D-C43B-40B0-922A-157837E9657E}.Debug|Any CPU.ActiveCfg = Debug|Any CPU
		{DB54EF6D-C43B-40B0-922A-157837E9657E}.Debug|Any CPU.Build.0 = Debug|Any CPU
		{DB54EF6D-C43B-40B0-922A-157837E9657E}.Release|Any CPU.ActiveCfg = Release|Any CPU
		{DB54EF6D-C43B-40B0-922A-157837E9657E}.Release|Any CPU.Build.0 = Release|Any CPU
	EndGlobalSection
	GlobalSection(SolutionProperties) = preSolution
		HideSolutionNode = FALSE
	EndGlobalSection
	GlobalSection(ExtensibilityGlobals) = postSolution
		SolutionGuid = {4D8EF4CB-371A-499E-AC83-377234641983}
	EndGlobalSection
EndGlobal
